// !$*UTF8*$!
{
	archiveVersion = 1;
	classes = {
	};
	objectVersion = 48;
	objects = {

/* Begin PBXBuildFile section */
		5E2C09F9205423D80019888B /* AppDelegate.swift in Sources */ = {isa = PBXBuildFile; fileRef = 5E2C09F8205423D80019888B /* AppDelegate.swift */; };
		5E2C09FB205423D80019888B /* ViewController.swift in Sources */ = {isa = PBXBuildFile; fileRef = 5E2C09FA205423D80019888B /* ViewController.swift */; };
		5E2C09FE205423D80019888B /* Main.storyboard in Resources */ = {isa = PBXBuildFile; fileRef = 5E2C09FC205423D80019888B /* Main.storyboard */; };
		5E2C0A00205423D80019888B /* Assets.xcassets in Resources */ = {isa = PBXBuildFile; fileRef = 5E2C09FF205423D80019888B /* Assets.xcassets */; };
		5E2C0A03205423D80019888B /* LaunchScreen.storyboard in Resources */ = {isa = PBXBuildFile; fileRef = 5E2C0A01205423D80019888B /* LaunchScreen.storyboard */; };
		5E2C0A0D205425EB0019888B /* STBookTransition.swift in Sources */ = {isa = PBXBuildFile; fileRef = 5E2C0A0C205425EB0019888B /* STBookTransition.swift */; };
		5E6824862054726400994CF5 /* bookTransition.gif in Resources */ = {isa = PBXBuildFile; fileRef = 5E6824852054726400994CF5 /* bookTransition.gif */; };
/* End PBXBuildFile section */

/* Begin PBXFileReference section */
		5E2C09F5205423D80019888B /* STBookTransition.app */ = {isa = PBXFileReference; explicitFileType = wrapper.application; includeInIndex = 0; path = STBookTransition.app; sourceTree = BUILT_PRODUCTS_DIR; };
		5E2C09F8205423D80019888B /* AppDelegate.swift */ = {isa = PBXFileReference; lastKnownFileType = sourcecode.swift; path = AppDelegate.swift; sourceTree = "<group>"; };
		5E2C09FA205423D80019888B /* ViewController.swift */ = {isa = PBXFileReference; lastKnownFileType = sourcecode.swift; path = ViewController.swift; sourceTree = "<group>"; };
		5E2C09FD205423D80019888B /* Base */ = {isa = PBXFileReference; lastKnownFileType = file.storyboard; name = Base; path = Base.lproj/Main.storyboard; sourceTree = "<group>"; };
		5E2C09FF205423D80019888B /* Assets.xcassets */ = {isa = PBXFileReference; lastKnownFileType = folder.assetcatalog; path = Assets.xcassets; sourceTree = "<group>"; };
		5E2C0A02205423D80019888B /* Base */ = {isa = PBXFileReference; lastKnownFileType = file.storyboard; name = Base; path = Base.lproj/LaunchScreen.storyboard; sourceTree = "<group>"; };
		5E2C0A04205423D80019888B /* Info.plist */ = {isa = PBXFileReference; lastKnownFileType = text.plist.xml; path = Info.plist; sourceTree = "<group>"; };
		5E2C0A0C205425EB0019888B /* STBookTransition.swift */ = {isa = PBXFileReference; lastKnownFileType = sourcecode.swift; path = STBookTransition.swift; sourceTree = "<group>"; };
		5E6824852054726400994CF5 /* bookTransition.gif */ = {isa = PBXFileReference; lastKnownFileType = image.gif; path = bookTransition.gif; sourceTree = "<group>"; };
/* End PBXFileReference section */

/* Begin PBXFrameworksBuildPhase section */
		5E2C09F2205423D80019888B /* Frameworks */ = {
			isa = PBXFrameworksBuildPhase;
			buildActionMask = 2147483647;
			files = (
			);
			runOnlyForDeploymentPostprocessing = 0;
		};
/* End PBXFrameworksBuildPhase section */

/* Begin PBXGroup section */
		5E2C09EC205423D80019888B = {
			isa = PBXGroup;
			children = (
				5E2C09F7205423D80019888B /* STBookTransition */,
				5E2C09F6205423D80019888B /* Products */,
			);
			sourceTree = "<group>";
		};
		5E2C09F6205423D80019888B /* Products */ = {
			isa = PBXGroup;
			children = (
				5E2C09F5205423D80019888B /* STBookTransition.app */,
			);
			name = Products;
			sourceTree = "<group>";
		};
		5E2C09F7205423D80019888B /* STBookTransition */ = {
			isa = PBXGroup;
			children = (
				5E6824822054713B00994CF5 /* screenShot */,
				5E2C0A0C205425EB0019888B /* STBookTransition.swift */,
				5E2C09F8205423D80019888B /* AppDelegate.swift */,
				5E2C09FA205423D80019888B /* ViewController.swift */,
				5E2C09FC205423D80019888B /* Main.storyboard */,
				5E2C09FF205423D80019888B /* Assets.xcassets */,
				5E2C0A01205423D80019888B /* LaunchScreen.storyboard */,
				5E2C0A04205423D80019888B /* Info.plist */,
			);
			path = STBookTransition;
			sourceTree = "<group>";
		};
		5E6824822054713B00994CF5 /* screenShot */ = {
			isa = PBXGroup;
			children = (
				5E6824852054726400994CF5 /* bookTransition.gif */,
			);
			path = screenShot;
			sourceTree = "<group>";
		};
/* End PBXGroup section */

/* Begin PBXNativeTarget section */
		5E2C09F4205423D80019888B /* STBookTransition */ = {
			isa = PBXNativeTarget;
			buildConfigurationList = 5E2C0A07205423D80019888B /* Build configuration list for PBXNativeTarget "STBookTransition" */;
			buildPhases = (
				5E2C09F1205423D80019888B /* Sources */,
				5E2C09F2205423D80019888B /* Frameworks */,
				5E2C09F3205423D80019888B /* Resources */,
			);
			buildRules = (
			);
			dependencies = (
			);
			name = STBookTransition;
			productName = STBookTransition;
			productReference = 5E2C09F5205423D80019888B /* STBookTransition.app */;
			productType = "com.apple.product-type.application";
		};
/* End PBXNativeTarget section */

/* Begin PBXProject section */
		5E2C09ED205423D80019888B /* Project object */ = {
			isa = PBXProject;
			attributes = {
				LastSwiftUpdateCheck = 0920;
				LastUpgradeCheck = 0920;
				ORGANIZATIONNAME = "Sasi Moorthy";
				TargetAttributes = {
					5E2C09F4205423D80019888B = {
						CreatedOnToolsVersion = 9.2;
						ProvisioningStyle = Automatic;
					};
				};
			};
			buildConfigurationList = 5E2C09F0205423D80019888B /* Build configuration list for PBXProject "STBookTransition" */;
			compatibilityVersion = "Xcode 8.0";
			developmentRegion = en;
			hasScannedForEncodings = 0;
			knownRegions = (
				en,
				Base,
			);
			mainGroup = 5E2C09EC205423D80019888B;
			productRefGroup = 5E2C09F6205423D80019888B /* Products */;
			projectDirPath = "";
			projectRoot = "";
			targets = (
				5E2C09F4205423D80019888B /* STBookTransition */,
			);
		};
/* End PBXProject section */

/* Begin PBXResourcesBuildPhase section */
		5E2C09F3205423D80019888B /* Resources */ = {
			isa = PBXResourcesBuildPhase;
			buildActionMask = 2147483647;
			files = (
				5E6824862054726400994CF5 /* bookTransition.gif in Resources */,
				5E2C0A03205423D80019888B /* LaunchScreen.storyboard in Resources */,
				5E2C0A00205423D80019888B /* Assets.xcassets in Resources */,
				5E2C09FE205423D80019888B /* Main.storyboard in Resources */,
			);
			runOnlyForDeploymentPostprocessing = 0;
		};
/* End PBXResourcesBuildPhase section */

/* Begin PBXSourcesBuildPhase section */
		5E2C09F1205423D80019888B /* Sources */ = {
			isa = PBXSourcesBuildPhase;
			buildActionMask = 2147483647;
			files = (
				5E2C09FB205423D80019888B /* ViewController.swift in Sources */,
				5E2C0A0D205425EB0019888B /* STBookTransition.swift in Sources */,
				5E2C09F9205423D80019888B /* AppDelegate.swift in Sources */,
			);
			runOnlyForDeploymentPostprocessing = 0;
		};
/* End PBXSourcesBuildPhase section */

/* Begin PBXVariantGroup section */
		5E2C09FC205423D80019888B /* Main.storyboard */ = {
			isa = PBXVariantGroup;
			children = (
				5E2C09FD205423D80019888B /* Base */,
			);
			name = Main.storyboard;
			sourceTree = "<group>";
		};
		5E2C0A01205423D80019888B /* LaunchScreen.storyboard */ = {
			isa = PBXVariantGroup;
			children = (
				5E2C0A02205423D80019888B /* Base */,
			);
			name = LaunchScreen.storyboard;
			sourceTree = "<group>";
		};
/* End PBXVariantGroup section */

/* Begin XCBuildConfiguration section */
		5E2C0A05205423D80019888B /* Debug */ = {
			isa = XCBuildConfiguration;
			buildSettings = {
				ALWAYS_SEARCH_USER_PATHS = NO;
				CLANG_ANALYZER_NONNULL = YES;
				CLANG_ANALYZER_NUMBER_OBJECT_CONVERSION = YES_AGGRESSIVE;
				CLANG_CXX_LANGUAGE_STANDARD = "gnu++14";
				CLANG_CXX_LIBRARY = "libc++";
				CLANG_ENABLE_MODULES = YES;
				CLANG_ENABLE_OBJC_ARC = YES;
				CLANG_WARN_BLOCK_CAPTURE_AUTORELEASING = YES;
				CLANG_WARN_BOOL_CONVERSION = YES;
				CLANG_WARN_COMMA = YES;
				CLANG_WARN_CONSTANT_CONVERSION = YES;
				CLANG_WARN_DIRECT_OBJC_ISA_USAGE = YES_ERROR;
				CLANG_WARN_DOCUMENTATION_COMMENTS = YES;
				CLANG_WARN_EMPTY_BODY = YES;
				CLANG_WARN_ENUM_CONVERSION = YES;
				CLANG_WARN_INFINITE_RECURSION = YES;
				CLANG_WARN_INT_CONVERSION = YES;
				CLANG_WARN_NON_LITERAL_NULL_CONVERSION = YES;
				CLANG_WARN_OBJC_LITERAL_CONVERSION = YES;
				CLANG_WARN_OBJC_ROOT_CLASS = YES_ERROR;
				CLANG_WARN_RANGE_LOOP_ANALYSIS = YES;
				CLANG_WARN_STRICT_PROTOTYPES = YES;
				CLANG_WARN_SUSPICIOUS_MOVE = YES;
				CLANG_WARN_UNGUARDED_AVAILABILITY = YES_AGGRESSIVE;
				CLANG_WARN_UNREACHABLE_CODE = YES;
				CLANG_WARN__DUPLICATE_METHOD_MATCH = YES;
				CODE_SIGN_IDENTITY = "iPhone Developer";
				COPY_PHASE_STRIP = NO;
				DEBUG_INFORMATION_FORMAT = dwarf;
				ENABLE_STRICT_OBJC_MSGSEND = YES;
				ENABLE_TESTABILITY = YES;
				GCC_C_LANGUAGE_STANDARD = gnu11;
				GCC_DYNAMIC_NO_PIC = NO;
				GCC_NO_COMMON_BLOCKS = YES;
				GCC_OPTIMIZATION_LEVEL = 0;
				GCC_PREPROCESSOR_DEFINITIONS = (
					"DEBUG=1",
					"$(inherited)",
				);
				GCC_WARN_64_TO_32_BIT_CONVERSION = YES;
				GCC_WARN_ABOUT_RETURN_TYPE = YES_ERROR;
				GCC_WARN_UNDECLARED_SELECTOR = YES;
				GCC_WARN_UNINITIALIZED_AUTOS = YES_AGGRESSIVE;
				GCC_WARN_UNUSED_FUNCTION = YES;
				GCC_WARN_UNUSED_VARIABLE = YES;
				IPHONEOS_DEPLOYMENT_TARGET = 11.2;
				MTL_ENABLE_DEBUG_INFO = YES;
				ONLY_ACTIVE_ARCH = YES;
				SDKROOT = iphoneos;
				SWIFT_ACTIVE_COMPILATION_CONDITIONS = DEBUG;
				SWIFT_OPTIMIZATION_LEVEL = "-Onone";
			};
			name = Debug;
		};
		5E2C0A06205423D80019888B /* Release */ = {
			isa = XCBuildConfiguration;
			buildSettings = {
				ALWAYS_SEARCH_USER_PATHS = NO;
				CLANG_ANALYZER_NONNULL = YES;
				CLANG_ANALYZER_NUMBER_OBJECT_CONVERSION = YES_AGGRESSIVE;
				CLANG_CXX_LANGUAGE_STANDARD = "gnu++14";
				CLANG_CXX_LIBRARY = "libc++";
				CLANG_ENABLE_MODULES = YES;
				CLANG_ENABLE_OBJC_ARC = YES;
				CLANG_WARN_BLOCK_CAPTURE_AUTORELEASING = YES;
				CLANG_WARN_BOOL_CONVERSION = YES;
				CLANG_WARN_COMMA = YES;
				CLANG_WARN_CONSTANT_CONVERSION = YES;
				CLANG_WARN_DIRECT_OBJC_ISA_USAGE = YES_ERROR;
				CLANG_WARN_DOCUMENTATION_COMMENTS = YES;
				CLANG_WARN_EMPTY_BODY = YES;
				CLANG_WARN_ENUM_CONVERSION = YES;
				CLANG_WARN_INFINITE_RECURSION = YES;
				CLANG_WARN_INT_CONVERSION = YES;
				CLANG_WARN_NON_LITERAL_NULL_CONVERSION = YES;
				CLANG_WARN_OBJC_LITERAL_CONVERSION = YES;
				CLANG_WARN_OBJC_ROOT_CLASS = YES_ERROR;
				CLANG_WARN_RANGE_LOOP_ANALYSIS = YES;
				CLANG_WARN_STRICT_PROTOTYPES = YES;
				CLANG_WARN_SUSPICIOUS_MOVE = YES;
				CLANG_WARN_UNGUARDED_AVAILABILITY = YES_AGGRESSIVE;
				CLANG_WARN_UNREACHABLE_CODE = YES;
				CLANG_WARN__DUPLICATE_METHOD_MATCH = YES;
				CODE_SIGN_IDENTITY = "iPhone Developer";
				COPY_PHASE_STRIP = NO;
				DEBUG_INFORMATION_FORMAT = "dwarf-with-dsym";
				ENABLE_NS_ASSERTIONS = NO;
				ENABLE_STRICT_OBJC_MSGSEND = YES;
				GCC_C_LANGUAGE_STANDARD = gnu11;
				GCC_NO_COMMON_BLOCKS = YES;
				GCC_WARN_64_TO_32_BIT_CONVERSION = YES;
				GCC_WARN_ABOUT_RETURN_TYPE = YES_ERROR;
				GCC_WARN_UNDECLARED_SELECTOR = YES;
				GCC_WARN_UNINITIALIZED_AUTOS = YES_AGGRESSIVE;
				GCC_WARN_UNUSED_FUNCTION = YES;
				GCC_WARN_UNUSED_VARIABLE = YES;
				IPHONEOS_DEPLOYMENT_TARGET = 11.2;
				MTL_ENABLE_DEBUG_INFO = NO;
				SDKROOT = iphoneos;
				SWIFT_OPTIMIZATION_LEVEL = "-Owholemodule";
				VALIDATE_PRODUCT = YES;
			};
			name = Release;
		};
		5E2C0A08205423D80019888B /* Debug */ = {
			isa = XCBuildConfiguration;
			buildSettings = {
				ASSETCATALOG_COMPILER_APPICON_NAME = AppIcon;
				CODE_SIGN_STYLE = Automatic;
				INFOPLIST_FILE = STBookTransition/Info.plist;
				LD_RUNPATH_SEARCH_PATHS = "$(inherited) @executable_path/Frameworks";
				PRODUCT_BUNDLE_IDENTIFIER = com.sasimoorthy.STBookTransition;
				PRODUCT_NAME = "$(TARGET_NAME)";
				SWIFT_VERSION = 4.0;
				TARGETED_DEVICE_FAMILY = "1,2";
			};
			name = Debug;
		};
		5E2C0A09205423D80019888B /* Release */ = {
			isa = XCBuildConfiguration;
			buildSettings = {
				ASSETCATALOG_COMPILER_APPICON_NAME = AppIcon;
				CODE_SIGN_STYLE = Automatic;
				INFOPLIST_FILE = STBookTransition/Info.plist;
				LD_RUNPATH_SEARCH_PATHS = "$(inherited) @executable_path/Frameworks";
				PRODUCT_BUNDLE_IDENTIFIER = com.sasimoorthy.STBookTransition;
				PRODUCT_NAME = "$(TARGET_NAME)";
				SWIFT_VERSION = 4.0;
				TARGETED_DEVICE_FAMILY = "1,2";
			};
			name = Release;
		};
/* End XCBuildConfiguration section */

/* Begin XCConfigurationList section */
		5E2C09F0205423D80019888B /* Build configuration list for PBXProject "STBookTransition" */ = {
			isa = XCConfigurationList;
			buildConfigurations = (
				5E2C0A05205423D80019888B /* Debug */,
				5E2C0A06205423D80019888B /* Release */,
			);
			defaultConfigurationIsVisible = 0;
			defaultConfigurationName = Release;
		};
		5E2C0A07205423D80019888B /* Build configuration list for PBXNativeTarget "STBookTransition" */ = {
			isa = XCConfigurationList;
			buildConfigurations = (
				5E2C0A08205423D80019888B /* Debug */,
				5E2C0A09205423D80019888B /* Release */,
			);
			defaultConfigurationIsVisible = 0;
			defaultConfigurationName = Release;
		};
/* End XCConfigurationList section */
	};
	rootObject = 5E2C09ED205423D80019888B /* Project object */;
}
